
Microsoft Visual Studio Solution File, Format Version 12.00
# Visual Studio 15
VisualStudioVersion = 15.0.27130.2027
MinimumVisualStudioVersion = 10.0.40219.1
Project("{FAE04EC0-301F-11D3-BF4B-00C04F79EFBC}") = "Compiler", "Compiler\Compiler.csproj", "{12F784FE-6B16-4254-89EB-9334DB12CE66}"
EndProject
Global
	GlobalSection(SolutionConfigurationPlatforms) = preSolution
		Debug|Any CPU = Debug|Any CPU
		Release|Any CPU = Release|Any CPU
	EndGlobalSection
	GlobalSection(ProjectConfigurationPlatforms) = postSolution
		{12F784FE-6B16-4254-89EB-9334DB12CE66}.Debug|Any CPU.ActiveCfg = Debug|Any CPU
		{12F784FE-6B16-4254-89EB-9334DB12CE66}.Debug|Any CPU.Build.0 = Debug|Any CPU
		{12F784FE-6B16-4254-89EB-9334DB12CE66}.Release|Any CPU.ActiveCfg = Release|Any CPU
		{12F784FE-6B16-4254-89EB-9334DB12CE66}.Release|Any CPU.Build.0 = Release|Any CPU
	EndGlobalSection
	GlobalSection(SolutionProperties) = preSolution
		HideSolutionNode = FALSE
	EndGlobalSection
	GlobalSection(ExtensibilityGlobals) = postSolution
		SolutionGuid = {C2E89F86-3B84-49C1-A95A-19F1BE010F98}
	EndGlobalSection
EndGlobal
